
Microsoft Visual Studio Solution File, Format Version 12.00
# Visual Studio Version 17
VisualStudioVersion = 17.10.35122.118
MinimumVisualStudioVersion = 10.0.40219.1
Project("{FAE04EC0-301F-11D3-BF4B-00C04F79EFBC}") = "VirtualOverride4_16", "VirtualOverride4_16\VirtualOverride4_16.csproj", "{AA4230EC-58DF-4DA6-A681-297F0C4BDAE7}"
EndProject
Global
	GlobalSection(SolutionConfigurationPlatforms) = preSolution
		Debug|Any CPU = Debug|Any CPU
		Release|Any CPU = Release|Any CPU
	EndGlobalSection
	GlobalSection(ProjectConfigurationPlatforms) = postSolution
		{AA4230EC-58DF-4DA6-A681-297F0C4BDAE7}.Debug|Any CPU.ActiveCfg = Debug|Any CPU
		{AA4230EC-58DF-4DA6-A681-297F0C4BDAE7}.Debug|Any CPU.Build.0 = Debug|Any CPU
		{AA4230EC-58DF-4DA6-A681-297F0C4BDAE7}.Release|Any CPU.ActiveCfg = Release|Any CPU
		{AA4230EC-58DF-4DA6-A681-297F0C4BDAE7}.Release|Any CPU.Build.0 = Release|Any CPU
	EndGlobalSection
	GlobalSection(SolutionProperties) = preSolution
		HideSolutionNode = FALSE
	EndGlobalSection
	GlobalSection(ExtensibilityGlobals) = postSolution
		SolutionGuid = {C288DE76-EF07-45B8-9DDA-E4AAF688FFDA}
	EndGlobalSection
EndGlobal
